<?xml version="1.0" encoding="utf-8"?>
<Project ToolsVersion="4.0" xmlns="http://schemas.microsoft.com/developer/msbuild/2003">
  <ItemGroup>
    <Filter Include="Source Files">
      <UniqueIdentifier>{b41cad78-8a4b-42b2-9666-b67af11a27a6}</UniqueIdentifier>
      <Extensions>cpp;c;cxx;rc;def;r;odl;idl;hpj;bat</Extensions>
    </Filter>
    <Filter Include="Header Files">
      <UniqueIdentifier>{cddb5483-72ad-471a-a9d2-335e24f0fac9}</UniqueIdentifier>
      <Extensions>h;hpp;hxx;hm;inl</Extensions>
    </Filter>
    <Filter Include="Resource Files">
      <UniqueIdentifier>{d68ddabe-8774-4057-9453-5634530aefbd}</UniqueIdentifier>
      <Extensions>ico;cur;bmp;dlg;rc2;rct;bin;rgs;gif;jpg;jpeg;jpe</Extensions>
    </Filter>
  </ItemGroup>
  <ItemGroup>
    <ClCompile Include="DetailLogDlg.cpp">
      <Filter>Source Files</Filter>
    </ClCompile>
    <ClCompile Include="EienLogApp.cpp">
      <Filter>Source Files</Filter>
    </ClCompile>
    <ClCompile Include="EienLogDlg.cpp">
      <Filter>Source Files</Filter>
    </ClCompile>
    <ClCompile Include="FolderDialog.cpp">
      <Filter>Source Files</Filter>
    </ClCompile>
    <ClCompile Include="IniFile.cpp">
      <Filter>Source Files</Filter>
    </ClCompile>
    <ClCompile Include="LogListBox.cpp">
      <Filter>Source Files</Filter>
    </ClCompile>
    <ClCompile Include="MemDC.cpp">
      <Filter>Source Files</Filter>
    </ClCompile>
    <ClCompile Include="MemImage.cpp">
      <Filter>Source Files</Filter>
    </ClCompile>
    <ClCompile Include="MFC\ModelessDialog.cpp">
      <Filter>Source Files</Filter>
    </ClCompile>
    <ClCompile Include="SettingsDlg.cpp">
      <Filter>Source Files</Filter>
    </ClCompile>
    <ClCompile Include="StdAfx.cpp">
      <Filter>Source Files</Filter>
    </ClCompile>
    <ClCompile Include="utils.cpp">
      <Filter>Source Files</Filter>
    </ClCompile>
  </ItemGroup>
  <ItemGroup>
    <ResourceCompile Include="EienLog.rc">
      <Filter>Source Files</Filter>
    </ResourceCompile>
  </ItemGroup>
  <ItemGroup>
    <ClInclude Include="DetailLogDlg.h">
      <Filter>Header Files</Filter>
    </ClInclude>
    <ClInclude Include="EienLog.h">
      <Filter>Header Files</Filter>
    </ClInclude>
    <ClInclude Include="EienLogApp.h">
      <Filter>Header Files</Filter>
    </ClInclude>
    <ClInclude Include="EienLogDlg.h">
      <Filter>Header Files</Filter>
    </ClInclude>
    <ClInclude Include="FolderDialog.h">
      <Filter>Header Files</Filter>
    </ClInclude>
    <ClInclude Include="IniFile.h">
      <Filter>Header Files</Filter>
    </ClInclude>
    <ClInclude Include="LogListBox.h">
      <Filter>Header Files</Filter>
    </ClInclude>
    <ClInclude Include="MemDC.h">
      <Filter>Header Files</Filter>
    </ClInclude>
    <ClInclude Include="MemImage.h">
      <Filter>Header Files</Filter>
    </ClInclude>
    <ClInclude Include="MFC\ModelessDialog.h">
      <Filter>Header Files</Filter>
    </ClInclude>
    <ClInclude Include="Resource.h">
      <Filter>Header Files</Filter>
    </ClInclude>
    <ClInclude Include="SettingsDlg.h">
      <Filter>Header Files</Filter>
    </ClInclude>
    <ClInclude Include="StdAfx.h">
      <Filter>Header Files</Filter>
    </ClInclude>
    <ClInclude Include="utils.h">
      <Filter>Header Files</Filter>
    </ClInclude>
  </ItemGroup>
  <ItemGroup>
    <CustomBuild Include="res\default1.bin">
      <Filter>Resource Files</Filter>
    </CustomBuild>
    <CustomBuild Include="res\EienLog.ico">
      <Filter>Resource Files</Filter>
    </CustomBuild>
    <CustomBuild Include="res\EienLog.rc2">
      <Filter>Resource Files</Filter>
    </CustomBuild>
    <CustomBuild Include="res\png1.bin">
      <Filter>Resource Files</Filter>
    </CustomBuild>
    <CustomBuild Include="res\logsmall.png" />
    <CustomBuild Include="ReadMe.txt" />
  </ItemGroup>
</Project>